
Microsoft Visual Studio Solution File, Format Version 12.00
# Visual Studio 2012
Project("{FAE04EC0-301F-11D3-BF4B-00C04F79EFBC}") = "Aostar.Mvp.PackageTool", "Aostar.Mvp.PackageTool\Aostar.Mvp.PackageTool.csproj", "{B08770B9-EEF0-4762-8E5B-CD7AA47F8BE0}"
EndProject
Project("{FAE04EC0-301F-11D3-BF4B-00C04F79EFBC}") = "Aostar.Mvp.Common", "Aostar.Mvp.Common\Aostar.Mvp.Common.csproj", "{DD43AC4E-E645-4019-9A47-EBB7CE151728}"
EndProject
Global
	GlobalSection(SubversionScc) = preSolution
		Svn-Managed = True
		Manager = AnkhSVN - Subversion Support for Visual Studio
	EndGlobalSection
	GlobalSection(SolutionConfigurationPlatforms) = preSolution
		Debug|Any CPU = Debug|Any CPU
		Debug|Mixed Platforms = Debug|Mixed Platforms
		Debug|x86 = Debug|x86
		Release|Any CPU = Release|Any CPU
		Release|Mixed Platforms = Release|Mixed Platforms
		Release|x86 = Release|x86
	EndGlobalSection
	GlobalSection(ProjectConfigurationPlatforms) = postSolution
		{B08770B9-EEF0-4762-8E5B-CD7AA47F8BE0}.Debug|Any CPU.ActiveCfg = Debug|Any CPU
		{B08770B9-EEF0-4762-8E5B-CD7AA47F8BE0}.Debug|Any CPU.Build.0 = Debug|Any CPU
		{B08770B9-EEF0-4762-8E5B-CD7AA47F8BE0}.Debug|Mixed Platforms.ActiveCfg = Release|Any CPU
		{B08770B9-EEF0-4762-8E5B-CD7AA47F8BE0}.Debug|Mixed Platforms.Build.0 = Release|Any CPU
		{B08770B9-EEF0-4762-8E5B-CD7AA47F8BE0}.Debug|x86.ActiveCfg = Debug|Any CPU
		{B08770B9-EEF0-4762-8E5B-CD7AA47F8BE0}.Release|Any CPU.ActiveCfg = Release|Any CPU
		{B08770B9-EEF0-4762-8E5B-CD7AA47F8BE0}.Release|Any CPU.Build.0 = Release|Any CPU
		{B08770B9-EEF0-4762-8E5B-CD7AA47F8BE0}.Release|Mixed Platforms.ActiveCfg = Release|Any CPU
		{B08770B9-EEF0-4762-8E5B-CD7AA47F8BE0}.Release|Mixed Platforms.Build.0 = Release|Any CPU
		{B08770B9-EEF0-4762-8E5B-CD7AA47F8BE0}.Release|x86.ActiveCfg = Release|Any CPU
		{DD43AC4E-E645-4019-9A47-EBB7CE151728}.Debug|Any CPU.ActiveCfg = Debug|Any CPU
		{DD43AC4E-E645-4019-9A47-EBB7CE151728}.Debug|Any CPU.Build.0 = Debug|Any CPU
		{DD43AC4E-E645-4019-9A47-EBB7CE151728}.Debug|Mixed Platforms.ActiveCfg = Release|Any CPU
		{DD43AC4E-E645-4019-9A47-EBB7CE151728}.Debug|Mixed Platforms.Build.0 = Release|Any CPU
		{DD43AC4E-E645-4019-9A47-EBB7CE151728}.Debug|x86.ActiveCfg = Debug|Any CPU
		{DD43AC4E-E645-4019-9A47-EBB7CE151728}.Release|Any CPU.ActiveCfg = Release|Any CPU
		{DD43AC4E-E645-4019-9A47-EBB7CE151728}.Release|Any CPU.Build.0 = Release|Any CPU
		{DD43AC4E-E645-4019-9A47-EBB7CE151728}.Release|Mixed Platforms.ActiveCfg = Release|Any CPU
		{DD43AC4E-E645-4019-9A47-EBB7CE151728}.Release|Mixed Platforms.Build.0 = Release|Any CPU
		{DD43AC4E-E645-4019-9A47-EBB7CE151728}.Release|x86.ActiveCfg = Release|Any CPU
	EndGlobalSection
	GlobalSection(SolutionProperties) = preSolution
		HideSolutionNode = FALSE
	EndGlobalSection
EndGlobal
