
Microsoft Visual Studio Solution File, Format Version 12.00
# Visual Studio 2012
Project("{FAE04EC0-301F-11D3-BF4B-00C04F79EFBC}") = "Aostar.MVP.WebClient", "Aostar.MVP.WebClient\Aostar.MVP.WebClient.csproj", "{660384C7-0D8B-46F4-A0EC-6A64FA358522}"
EndProject
Global
	GlobalSection(SolutionConfigurationPlatforms) = preSolution
		Debug|Any CPU = Debug|Any CPU
		Release|Any CPU = Release|Any CPU
	EndGlobalSection
	GlobalSection(ProjectConfigurationPlatforms) = postSolution
		{660384C7-0D8B-46F4-A0EC-6A64FA358522}.Debug|Any CPU.ActiveCfg = Debug|Any CPU
		{660384C7-0D8B-46F4-A0EC-6A64FA358522}.Debug|Any CPU.Build.0 = Debug|Any CPU
		{660384C7-0D8B-46F4-A0EC-6A64FA358522}.Release|Any CPU.ActiveCfg = Release|Any CPU
		{660384C7-0D8B-46F4-A0EC-6A64FA358522}.Release|Any CPU.Build.0 = Release|Any CPU
	EndGlobalSection
	GlobalSection(SolutionProperties) = preSolution
		HideSolutionNode = FALSE
	EndGlobalSection
EndGlobal
