
Microsoft Visual Studio Solution File, Format Version 12.00
# Visual Studio 2012
Project("{FAE04EC0-301F-11D3-BF4B-00C04F79EFBC}") = "Aostar.MVP.DownloadService", "Aostar.MVP.DownloadService\Aostar.MVP.DownloadService.csproj", "{ECEBCCD3-781F-4250-8CF5-41E8E58ADB5E}"
EndProject
Project("{FAE04EC0-301F-11D3-BF4B-00C04F79EFBC}") = "Aostar.MVP.Main", "Aostar.MVP.Main\Aostar.MVP.Main.csproj", "{1AB04A12-5A5A-4B6E-A719-76E3CA1CC52B}"
EndProject
Project("{FAE04EC0-301F-11D3-BF4B-00C04F79EFBC}") = "Aostar.MVP.Update", "Aostar.MVP.Update\Aostar.MVP.Update.csproj", "{DD721095-E89F-4894-AFBC-B8B22B92AC24}"
EndProject
Global
	GlobalSection(SolutionConfigurationPlatforms) = preSolution
		Debug|Any CPU = Debug|Any CPU
		Release|Any CPU = Release|Any CPU
	EndGlobalSection
	GlobalSection(ProjectConfigurationPlatforms) = postSolution
		{ECEBCCD3-781F-4250-8CF5-41E8E58ADB5E}.Debug|Any CPU.ActiveCfg = Debug|Any CPU
		{ECEBCCD3-781F-4250-8CF5-41E8E58ADB5E}.Debug|Any CPU.Build.0 = Debug|Any CPU
		{ECEBCCD3-781F-4250-8CF5-41E8E58ADB5E}.Release|Any CPU.ActiveCfg = Release|Any CPU
		{ECEBCCD3-781F-4250-8CF5-41E8E58ADB5E}.Release|Any CPU.Build.0 = Release|Any CPU
		{1AB04A12-5A5A-4B6E-A719-76E3CA1CC52B}.Debug|Any CPU.ActiveCfg = Debug|Any CPU
		{1AB04A12-5A5A-4B6E-A719-76E3CA1CC52B}.Debug|Any CPU.Build.0 = Debug|Any CPU
		{1AB04A12-5A5A-4B6E-A719-76E3CA1CC52B}.Release|Any CPU.ActiveCfg = Release|Any CPU
		{1AB04A12-5A5A-4B6E-A719-76E3CA1CC52B}.Release|Any CPU.Build.0 = Release|Any CPU
		{DD721095-E89F-4894-AFBC-B8B22B92AC24}.Debug|Any CPU.ActiveCfg = Debug|Any CPU
		{DD721095-E89F-4894-AFBC-B8B22B92AC24}.Debug|Any CPU.Build.0 = Debug|Any CPU
		{DD721095-E89F-4894-AFBC-B8B22B92AC24}.Release|Any CPU.ActiveCfg = Release|Any CPU
		{DD721095-E89F-4894-AFBC-B8B22B92AC24}.Release|Any CPU.Build.0 = Release|Any CPU
	EndGlobalSection
	GlobalSection(SolutionProperties) = preSolution
		HideSolutionNode = FALSE
	EndGlobalSection
EndGlobal
